hash: 689994729b0ea7b6c7b11aac4a6005be772ddb8a889c184522c646172ba39a51
updated: 2017-03-12T15:06:11.886156146Z
imports:
- name: github.com/codegangsta/negroni
  version: fde5e16d32adc7ad637e9cd9ad21d4ebc6192535
- name: github.com/gorilla/mux
  version: 0eeaf8392f5b04950925b8a69fe70f110fa7cbfc
- name: github.com/openshift/origin
  version: 0a7803c29de1cbac91d845ebba8ca52fae4ab923
  subpackages:
  - pkg/build/api
  - pkg/build/api/v1
  - pkg/client
  - pkg/image/api
  - pkg/image/api/v1
  - pkg/route/api
  - pkg/route/api/v1
- name: github.com/pkg/errors
  version: 645ef00459ed84a119197bfb8d8205042c6df63d
- name: github.com/prometheus/client_golang
  version: c5b7fccd204277076155f10851dad72b76a49317
- name: github.com/rs/cors
  version: a62a804a8a009876ca59105f7899938a1349f4b3
- name: github.com/Sirupsen/logrus
  version: d26492970760ca5d33129d2d799e34be5c4782eb
- name: github.com/spf13/pflag
  version: 1560c1005499d61b80f865c04d39ca7505bf7f0b
- name: k8s.io/kubernetes
  version: 52492b4bff99ef3b8ca617d385a3ff0612f9402d
  repo: git://github.com/openshift/kubernetes.git
  vcs: git
  subpackages:
  - pkg/api
  - pkg/client/unversioned
  - pkg/client/unversioned/clientcmd
  - pkg/client/unversioned/clientcmd/api
  - pkg/kubectl/cmd/util
  - pkg/util/intstr
testImports: []
